
Microsoft Visual Studio Solution File, Format Version 10.00
# Visual Studio 2008
Project("{8BC9CEB8-8B4A-11D0-8D11-00A0C91BC942}") = "UmjImt3", "UmjImt3\UmjImt3.vcproj", "{9BA7750A-054C-40AC-BA74-4D2F5A62E1F0}"
EndProject
Global
	GlobalSection(SolutionConfigurationPlatforms) = preSolution
		Debug|Win32 = Debug|Win32
		Release|Win32 = Release|Win32
	EndGlobalSection
	GlobalSection(ProjectConfigurationPlatforms) = postSolution
		{9BA7750A-054C-40AC-BA74-4D2F5A62E1F0}.Debug|Win32.ActiveCfg = Debug|Win32
		{9BA7750A-054C-40AC-BA74-4D2F5A62E1F0}.Debug|Win32.Build.0 = Debug|Win32
		{9BA7750A-054C-40AC-BA74-4D2F5A62E1F0}.Release|Win32.ActiveCfg = Release|Win32
		{9BA7750A-054C-40AC-BA74-4D2F5A62E1F0}.Release|Win32.Build.0 = Release|Win32
	EndGlobalSection
	GlobalSection(SolutionProperties) = preSolution
		HideSolutionNode = FALSE
	EndGlobalSection
EndGlobal
